{
  "name": "outline",
  "lockfileVersion": 3,
  "requires": true,
  "packages": {
    "": {
      "dependencies": {
        "fit-curve": "^0.2.0"
      }
    },
    "node_modules/fit-curve": {
      "version": "0.2.0",
      "resolved": "https://registry.npmjs.org/fit-curve/-/fit-curve-0.2.0.tgz",
      "integrity": "sha512-op7ofeL13getbqL5J5ACeNxTlLWzusn4/jjEjSVA1sS7PfXWumdtNITvLuTjSobis+jZzMil2rsJ3Vhw7OxQyQ==",
      "license": "MIT"
    }
  }
}
